{
  "version": 4,
  "terraform_version": "1.2.2",
  "serial": 16,
  "lineage": "530d2df1-261a-6f4a-7202-424c902510d4",
  "outputs": {
    "external_ip_address_node01_yandex_cloud": {
      "value": "51.250.93.155",
      "type": "string"
    },
    "internal_ip_address_node01_yandex_cloud": {
      "value": "192.168.101.24",
      "type": "string"
    }
  },
  "resources": [
    {
      "mode": "managed",
      "type": "yandex_compute_instance",
      "name": "node01",
      "provider": "provider[\"registry.terraform.io/yandex-cloud/yandex\"]",
      "instances": [
        {
          "schema_version": 1,
          "attributes": {
            "allow_recreate": null,
            "allow_stopping_for_update": true,
            "boot_disk": [
              {
                "auto_delete": true,
                "device_name": "fhmmclfofpseoikhkjts",
                "disk_id": "fhmmclfofpseoikhkjts",
                "initialize_params": [
                  {
                    "block_size": 4096,
                    "description": "",
                    "image_id": "fd87lofav4ks00n4fg0k",
                    "name": "root-node01",
                    "size": 50,
                    "snapshot_id": "",
                    "type": "network-ssd"
                  }
                ],
                "mode": "READ_WRITE"
              }
            ],
            "created_at": "2022-06-18T12:34:35Z",
            "description": "",
            "folder_id": "b1gf6m5m4hmidrjmemhe",
            "fqdn": "node01.netology.cloud",
            "hostname": "node01",
            "id": "fhmv9ld2684dr459872j",
            "labels": null,
            "metadata": {
              "ssh-keys": "centos:ssh-rsa AAAAB3NzaC1yc2EAAAADAQABAAABgQDCtLeWCFcAXi9PDljf4aKcXLUb6RmCyTuCZ9zGu2WfeSkJzpu1NpVslkh1LRFHmO3SxEWynhwk753jCxd0ghgStNejIfvKuSgk/kUpG6nJQauUT6S54HIM791mdYlfjMaXrDuOPlzvkLAZ4N+5eCuFoqbZbehdp1ALLrhvGeGkZzYsQ6LM0jINyvSYyFgzPNdyk8cR2+SvHgNkJioSQ9tV9Rj02Owl5HfQx7Eobl8LBVU8MZde26lZGdQUPvl3fsRfxwzZeAHn+yCrbfXJQ81ZsKxO82ZFS7tPRF4mZE8WnZxxqql4mQ7m9xwuwIAs4TmgUY67LYY54WLG1kVtHqFP54Ho2Hx/SIfm1FERhyYj/DMloyB4brgULMSKEXfJHzPwunk09gziQxRwdhhbUGinnZo58wIMzTPMu/0wSeEoQiobFCtsJhqlOvL+IBcUH1V7mfpHWJKo6mIVcsJCZ3/zXzjIuCSuqAHaD+IjBHplmUC4KijGblblPjBZIu11+T0= nazar@fedora\n"
            },
            "name": "node01",
            "network_acceleration_type": "standard",
            "network_interface": [
              {
                "dns_record": [],
                "index": 0,
                "ip_address": "192.168.101.24",
                "ipv4": true,
                "ipv6": false,
                "ipv6_address": "",
                "ipv6_dns_record": [],
                "mac_address": "d0:0d:1f:4d:5a:23",
                "nat": true,
                "nat_dns_record": [],
                "nat_ip_address": "51.250.93.155",
                "nat_ip_version": "IPV4",
                "security_group_ids": [],
                "subnet_id": "e9bp0fbqu2ispn3d6g0f"
              }
            ],
            "placement_policy": [
              {
                "host_affinity_rules": [],
                "placement_group_id": ""
              }
            ],
            "platform_id": "standard-v1",
            "resources": [
              {
                "core_fraction": 100,
                "cores": 8,
                "gpus": 0,
                "memory": 8
              }
            ],
            "scheduling_policy": [
              {
                "preemptible": false
              }
            ],
            "secondary_disk": [],
            "service_account_id": "",
            "status": "running",
            "timeouts": null,
            "zone": "ru-central1-a"
          },
          "sensitive_attributes": [],
          "private": "eyJlMmJmYjczMC1lY2FhLTExZTYtOGY4OC0zNDM2M2JjN2M0YzAiOnsiY3JlYXRlIjozMDAwMDAwMDAwMDAsImRlbGV0ZSI6MzAwMDAwMDAwMDAwLCJ1cGRhdGUiOjMwMDAwMDAwMDAwMH0sInNjaGVtYV92ZXJzaW9uIjoiMSJ9",
          "dependencies": [
            "yandex_vpc_subnet.default"
          ]
        }
      ]
    },
    {
      "mode": "managed",
      "type": "yandex_vpc_network",
      "name": "default",
      "provider": "provider[\"registry.terraform.io/yandex-cloud/yandex\"]",
      "instances": [
        {
          "schema_version": 0,
          "attributes": {
            "created_at": "2022-06-18T12:31:40Z",
            "default_security_group_id": "",
            "description": "",
            "folder_id": "b1gf6m5m4hmidrjmemhe",
            "id": "enp283roevhfra322srv",
            "labels": {},
            "name": "net",
            "subnet_ids": [
              "e9bp0fbqu2ispn3d6g0f"
            ],
            "timeouts": null
          },
          "sensitive_attributes": [],
          "private": "eyJlMmJmYjczMC1lY2FhLTExZTYtOGY4OC0zNDM2M2JjN2M0YzAiOnsiY3JlYXRlIjo2MDAwMDAwMDAwMCwiZGVsZXRlIjo2MDAwMDAwMDAwMCwidXBkYXRlIjo2MDAwMDAwMDAwMH19"
        }
      ]
    },
    {
      "mode": "managed",
      "type": "yandex_vpc_subnet",
      "name": "default",
      "provider": "provider[\"registry.terraform.io/yandex-cloud/yandex\"]",
      "instances": [
        {
          "schema_version": 0,
          "attributes": {
            "created_at": "2022-06-18T12:31:42Z",
            "description": "",
            "dhcp_options": [],
            "folder_id": "b1gf6m5m4hmidrjmemhe",
            "id": "e9bp0fbqu2ispn3d6g0f",
            "labels": {},
            "name": "subnet",
            "network_id": "enp283roevhfra322srv",
            "route_table_id": "",
            "timeouts": null,
            "v4_cidr_blocks": [
              "192.168.101.0/24"
            ],
            "v6_cidr_blocks": [],
            "zone": "ru-central1-a"
          },
          "sensitive_attributes": [],
          "private": "eyJlMmJmYjczMC1lY2FhLTExZTYtOGY4OC0zNDM2M2JjN2M0YzAiOnsiY3JlYXRlIjoxODAwMDAwMDAwMDAsImRlbGV0ZSI6MTgwMDAwMDAwMDAwLCJ1cGRhdGUiOjE4MDAwMDAwMDAwMH19",
          "dependencies": [
            "yandex_vpc_network.default"
          ]
        }
      ]
    }
  ]
}
