{
  "version": 4,
  "terraform_version": "1.2.2",
  "serial": 14,
  "lineage": "f50863df-e7d5-7f79-fe9a-35d758b77176",
  "outputs": {
    "external_ip_address_node01": {
      "value": "51.250.94.144",
      "type": "string"
    },
    "external_ip_address_node02": {
      "value": "51.250.95.113",
      "type": "string"
    },
    "external_ip_address_node03": {
      "value": "51.250.90.146",
      "type": "string"
    },
    "external_ip_address_node04": {
      "value": "51.250.66.177",
      "type": "string"
    },
    "external_ip_address_node05": {
      "value": "51.250.68.253",
      "type": "string"
    },
    "external_ip_address_node06": {
      "value": "51.250.87.15",
      "type": "string"
    },
    "internal_ip_address_node01": {
      "value": "192.168.101.11",
      "type": "string"
    },
    "internal_ip_address_node02": {
      "value": "192.168.101.12",
      "type": "string"
    },
    "internal_ip_address_node03": {
      "value": "192.168.101.13",
      "type": "string"
    },
    "internal_ip_address_node04": {
      "value": "192.168.101.14",
      "type": "string"
    },
    "internal_ip_address_node05": {
      "value": "192.168.101.15",
      "type": "string"
    },
    "internal_ip_address_node06": {
      "value": "192.168.101.16",
      "type": "string"
    }
  },
  "resources": [
    {
      "mode": "managed",
      "type": "local_file",
      "name": "inventory",
      "provider": "provider[\"registry.terraform.io/hashicorp/local\"]",
      "instances": [
        {
          "schema_version": 0,
          "attributes": {
            "content": "# Ansible inventory containing variable values from Terraform.\n# Generated by Terraform.\n\n[nodes:children]\nmanagers\nworkers\n\n[managers:children]\nactive\nstandby\n\n[active]\nnode01.netology.yc ansible_host=51.250.94.144\n\n[standby]\nnode02.netology.yc ansible_host=51.250.95.113\nnode03.netology.yc ansible_host=51.250.90.146\n\n[workers]\nnode04.netology.yc ansible_host=51.250.66.177\nnode05.netology.yc ansible_host=51.250.68.253\nnode06.netology.yc ansible_host=51.250.87.15\n",
            "content_base64": null,
            "directory_permission": "0777",
            "file_permission": "0777",
            "filename": "../ansible/inventory",
            "id": "e922b527781f635bae66c039c93d35392174d986",
            "sensitive_content": null,
            "source": null
          },
          "sensitive_attributes": [],
          "private": "bnVsbA==",
          "dependencies": [
            "yandex_compute_instance.node01",
            "yandex_compute_instance.node02",
            "yandex_compute_instance.node03",
            "yandex_compute_instance.node04",
            "yandex_compute_instance.node05",
            "yandex_compute_instance.node06",
            "yandex_vpc_network.default",
            "yandex_vpc_subnet.default"
          ]
        }
      ]
    },
    {
      "mode": "managed",
      "type": "null_resource",
      "name": "cluster",
      "provider": "provider[\"registry.terraform.io/hashicorp/null\"]",
      "instances": [
        {
          "schema_version": 0,
          "attributes": {
            "id": "6657992011795927053",
            "triggers": null
          },
          "sensitive_attributes": [],
          "private": "bnVsbA==",
          "dependencies": [
            "local_file.inventory",
            "null_resource.wait",
            "yandex_compute_instance.node01",
            "yandex_compute_instance.node02",
            "yandex_compute_instance.node03",
            "yandex_compute_instance.node04",
            "yandex_compute_instance.node05",
            "yandex_compute_instance.node06",
            "yandex_vpc_network.default",
            "yandex_vpc_subnet.default"
          ]
        }
      ]
    },
    {
      "mode": "managed",
      "type": "null_resource",
      "name": "monitoring",
      "provider": "provider[\"registry.terraform.io/hashicorp/null\"]",
      "instances": [
        {
          "schema_version": 0,
          "attributes": {
            "id": "4096281813453673942",
            "triggers": null
          },
          "sensitive_attributes": [],
          "private": "bnVsbA==",
          "dependencies": [
            "local_file.inventory",
            "null_resource.cluster",
            "null_resource.sync",
            "null_resource.wait",
            "yandex_compute_instance.node01",
            "yandex_compute_instance.node02",
            "yandex_compute_instance.node03",
            "yandex_compute_instance.node04",
            "yandex_compute_instance.node05",
            "yandex_compute_instance.node06",
            "yandex_vpc_network.default",
            "yandex_vpc_subnet.default"
          ]
        }
      ]
    },
    {
      "mode": "managed",
      "type": "null_resource",
      "name": "sync",
      "provider": "provider[\"registry.terraform.io/hashicorp/null\"]",
      "instances": [
        {
          "schema_version": 0,
          "attributes": {
            "id": "3426530252032438730",
            "triggers": null
          },
          "sensitive_attributes": [],
          "private": "bnVsbA==",
          "dependencies": [
            "local_file.inventory",
            "null_resource.cluster",
            "null_resource.wait",
            "yandex_compute_instance.node01",
            "yandex_compute_instance.node02",
            "yandex_compute_instance.node03",
            "yandex_compute_instance.node04",
            "yandex_compute_instance.node05",
            "yandex_compute_instance.node06",
            "yandex_vpc_network.default",
            "yandex_vpc_subnet.default"
          ]
        }
      ]
    },
    {
      "mode": "managed",
      "type": "null_resource",
      "name": "wait",
      "provider": "provider[\"registry.terraform.io/hashicorp/null\"]",
      "instances": [
        {
          "schema_version": 0,
          "attributes": {
            "id": "299871070507380444",
            "triggers": null
          },
          "sensitive_attributes": [],
          "private": "bnVsbA==",
          "dependencies": [
            "local_file.inventory",
            "yandex_compute_instance.node01",
            "yandex_compute_instance.node02",
            "yandex_compute_instance.node03",
            "yandex_compute_instance.node04",
            "yandex_compute_instance.node05",
            "yandex_compute_instance.node06",
            "yandex_vpc_network.default",
            "yandex_vpc_subnet.default"
          ]
        }
      ]
    },
    {
      "mode": "managed",
      "type": "yandex_compute_instance",
      "name": "node01",
      "provider": "provider[\"registry.terraform.io/yandex-cloud/yandex\"]",
      "instances": [
        {
          "schema_version": 1,
          "attributes": {
            "allow_recreate": null,
            "allow_stopping_for_update": true,
            "boot_disk": [
              {
                "auto_delete": true,
                "device_name": "fhmh5s0o9aimolrnif3c",
                "disk_id": "fhmh5s0o9aimolrnif3c",
                "initialize_params": [
                  {
                    "block_size": 4096,
                    "description": "",
                    "image_id": "fd8ckm3ameoacn8aebjq",
                    "name": "root-node01",
                    "size": 10,
                    "snapshot_id": "",
                    "type": "network-ssd"
                  }
                ],
                "mode": "READ_WRITE"
              }
            ],
            "created_at": "2022-06-19T16:16:13Z",
            "description": "",
            "folder_id": "b1gf6m5m4hmidrjmemhe",
            "fqdn": "node01.netology.yc",
            "hostname": "node01",
            "id": "fhm6o7s1vf6svlbr2c99",
            "labels": null,
            "metadata": {
              "ssh-keys": "centos:ssh-rsa AAAAB3NzaC1yc2EAAAADAQABAAABgQDCtLeWCFcAXi9PDljf4aKcXLUb6RmCyTuCZ9zGu2WfeSkJzpu1NpVslkh1LRFHmO3SxEWynhwk753jCxd0ghgStNejIfvKuSgk/kUpG6nJQauUT6S54HIM791mdYlfjMaXrDuOPlzvkLAZ4N+5eCuFoqbZbehdp1ALLrhvGeGkZzYsQ6LM0jINyvSYyFgzPNdyk8cR2+SvHgNkJioSQ9tV9Rj02Owl5HfQx7Eobl8LBVU8MZde26lZGdQUPvl3fsRfxwzZeAHn+yCrbfXJQ81ZsKxO82ZFS7tPRF4mZE8WnZxxqql4mQ7m9xwuwIAs4TmgUY67LYY54WLG1kVtHqFP54Ho2Hx/SIfm1FERhyYj/DMloyB4brgULMSKEXfJHzPwunk09gziQxRwdhhbUGinnZo58wIMzTPMu/0wSeEoQiobFCtsJhqlOvL+IBcUH1V7mfpHWJKo6mIVcsJCZ3/zXzjIuCSuqAHaD+IjBHplmUC4KijGblblPjBZIu11+T0= nazar@fedora\n"
            },
            "name": "node01",
            "network_acceleration_type": "standard",
            "network_interface": [
              {
                "dns_record": [],
                "index": 0,
                "ip_address": "192.168.101.11",
                "ipv4": true,
                "ipv6": false,
                "ipv6_address": "",
                "ipv6_dns_record": [],
                "mac_address": "d0:0d:6c:1f:81:fb",
                "nat": true,
                "nat_dns_record": [],
                "nat_ip_address": "51.250.94.144",
                "nat_ip_version": "IPV4",
                "security_group_ids": [],
                "subnet_id": "e9b4meucikdbjqjkb8k9"
              }
            ],
            "placement_policy": [
              {
                "host_affinity_rules": [],
                "placement_group_id": ""
              }
            ],
            "platform_id": "standard-v1",
            "resources": [
              {
                "core_fraction": 100,
                "cores": 4,
                "gpus": 0,
                "memory": 8
              }
            ],
            "scheduling_policy": [
              {
                "preemptible": false
              }
            ],
            "secondary_disk": [],
            "service_account_id": "",
            "status": "running",
            "timeouts": null,
            "zone": "ru-central1-a"
          },
          "sensitive_attributes": [],
          "private": "eyJlMmJmYjczMC1lY2FhLTExZTYtOGY4OC0zNDM2M2JjN2M0YzAiOnsiY3JlYXRlIjozMDAwMDAwMDAwMDAsImRlbGV0ZSI6MzAwMDAwMDAwMDAwLCJ1cGRhdGUiOjMwMDAwMDAwMDAwMH0sInNjaGVtYV92ZXJzaW9uIjoiMSJ9",
          "dependencies": [
            "yandex_vpc_network.default",
            "yandex_vpc_subnet.default"
          ]
        }
      ]
    },
    {
      "mode": "managed",
      "type": "yandex_compute_instance",
      "name": "node02",
      "provider": "provider[\"registry.terraform.io/yandex-cloud/yandex\"]",
      "instances": [
        {
          "schema_version": 1,
          "attributes": {
            "allow_recreate": null,
            "allow_stopping_for_update": true,
            "boot_disk": [
              {
                "auto_delete": true,
                "device_name": "fhmgpr01apse7erdd1e6",
                "disk_id": "fhmgpr01apse7erdd1e6",
                "initialize_params": [
                  {
                    "block_size": 4096,
                    "description": "",
                    "image_id": "fd8ckm3ameoacn8aebjq",
                    "name": "root-node02",
                    "size": 10,
                    "snapshot_id": "",
                    "type": "network-ssd"
                  }
                ],
                "mode": "READ_WRITE"
              }
            ],
            "created_at": "2022-06-19T16:16:12Z",
            "description": "",
            "folder_id": "b1gf6m5m4hmidrjmemhe",
            "fqdn": "node02.netology.yc",
            "hostname": "node02",
            "id": "fhm0g973jpdlvdb6s2dk",
            "labels": null,
            "metadata": {
              "ssh-keys": "centos:ssh-rsa AAAAB3NzaC1yc2EAAAADAQABAAABgQDCtLeWCFcAXi9PDljf4aKcXLUb6RmCyTuCZ9zGu2WfeSkJzpu1NpVslkh1LRFHmO3SxEWynhwk753jCxd0ghgStNejIfvKuSgk/kUpG6nJQauUT6S54HIM791mdYlfjMaXrDuOPlzvkLAZ4N+5eCuFoqbZbehdp1ALLrhvGeGkZzYsQ6LM0jINyvSYyFgzPNdyk8cR2+SvHgNkJioSQ9tV9Rj02Owl5HfQx7Eobl8LBVU8MZde26lZGdQUPvl3fsRfxwzZeAHn+yCrbfXJQ81ZsKxO82ZFS7tPRF4mZE8WnZxxqql4mQ7m9xwuwIAs4TmgUY67LYY54WLG1kVtHqFP54Ho2Hx/SIfm1FERhyYj/DMloyB4brgULMSKEXfJHzPwunk09gziQxRwdhhbUGinnZo58wIMzTPMu/0wSeEoQiobFCtsJhqlOvL+IBcUH1V7mfpHWJKo6mIVcsJCZ3/zXzjIuCSuqAHaD+IjBHplmUC4KijGblblPjBZIu11+T0= nazar@fedora\n"
            },
            "name": "node02",
            "network_acceleration_type": "standard",
            "network_interface": [
              {
                "dns_record": [],
                "index": 0,
                "ip_address": "192.168.101.12",
                "ipv4": true,
                "ipv6": false,
                "ipv6_address": "",
                "ipv6_dns_record": [],
                "mac_address": "d0:0d:82:4e:39:e5",
                "nat": true,
                "nat_dns_record": [],
                "nat_ip_address": "51.250.95.113",
                "nat_ip_version": "IPV4",
                "security_group_ids": [],
                "subnet_id": "e9b4meucikdbjqjkb8k9"
              }
            ],
            "placement_policy": [
              {
                "host_affinity_rules": [],
                "placement_group_id": ""
              }
            ],
            "platform_id": "standard-v1",
            "resources": [
              {
                "core_fraction": 100,
                "cores": 4,
                "gpus": 0,
                "memory": 8
              }
            ],
            "scheduling_policy": [
              {
                "preemptible": false
              }
            ],
            "secondary_disk": [],
            "service_account_id": "",
            "status": "running",
            "timeouts": null,
            "zone": "ru-central1-a"
          },
          "sensitive_attributes": [],
          "private": "eyJlMmJmYjczMC1lY2FhLTExZTYtOGY4OC0zNDM2M2JjN2M0YzAiOnsiY3JlYXRlIjozMDAwMDAwMDAwMDAsImRlbGV0ZSI6MzAwMDAwMDAwMDAwLCJ1cGRhdGUiOjMwMDAwMDAwMDAwMH0sInNjaGVtYV92ZXJzaW9uIjoiMSJ9",
          "dependencies": [
            "yandex_vpc_network.default",
            "yandex_vpc_subnet.default"
          ]
        }
      ]
    },
    {
      "mode": "managed",
      "type": "yandex_compute_instance",
      "name": "node03",
      "provider": "provider[\"registry.terraform.io/yandex-cloud/yandex\"]",
      "instances": [
        {
          "schema_version": 1,
          "attributes": {
            "allow_recreate": null,
            "allow_stopping_for_update": true,
            "boot_disk": [
              {
                "auto_delete": true,
                "device_name": "fhm73lpp4bhtpt6u1bfo",
                "disk_id": "fhm73lpp4bhtpt6u1bfo",
                "initialize_params": [
                  {
                    "block_size": 4096,
                    "description": "",
                    "image_id": "fd8ckm3ameoacn8aebjq",
                    "name": "root-node03",
                    "size": 10,
                    "snapshot_id": "",
                    "type": "network-ssd"
                  }
                ],
                "mode": "READ_WRITE"
              }
            ],
            "created_at": "2022-06-19T16:16:13Z",
            "description": "",
            "folder_id": "b1gf6m5m4hmidrjmemhe",
            "fqdn": "node03.netology.yc",
            "hostname": "node03",
            "id": "fhmj1tu8p7ac7sg2ro7i",
            "labels": null,
            "metadata": {
              "ssh-keys": "centos:ssh-rsa AAAAB3NzaC1yc2EAAAADAQABAAABgQDCtLeWCFcAXi9PDljf4aKcXLUb6RmCyTuCZ9zGu2WfeSkJzpu1NpVslkh1LRFHmO3SxEWynhwk753jCxd0ghgStNejIfvKuSgk/kUpG6nJQauUT6S54HIM791mdYlfjMaXrDuOPlzvkLAZ4N+5eCuFoqbZbehdp1ALLrhvGeGkZzYsQ6LM0jINyvSYyFgzPNdyk8cR2+SvHgNkJioSQ9tV9Rj02Owl5HfQx7Eobl8LBVU8MZde26lZGdQUPvl3fsRfxwzZeAHn+yCrbfXJQ81ZsKxO82ZFS7tPRF4mZE8WnZxxqql4mQ7m9xwuwIAs4TmgUY67LYY54WLG1kVtHqFP54Ho2Hx/SIfm1FERhyYj/DMloyB4brgULMSKEXfJHzPwunk09gziQxRwdhhbUGinnZo58wIMzTPMu/0wSeEoQiobFCtsJhqlOvL+IBcUH1V7mfpHWJKo6mIVcsJCZ3/zXzjIuCSuqAHaD+IjBHplmUC4KijGblblPjBZIu11+T0= nazar@fedora\n"
            },
            "name": "node03",
            "network_acceleration_type": "standard",
            "network_interface": [
              {
                "dns_record": [],
                "index": 0,
                "ip_address": "192.168.101.13",
                "ipv4": true,
                "ipv6": false,
                "ipv6_address": "",
                "ipv6_dns_record": [],
                "mac_address": "d0:0d:13:0f:7c:8c",
                "nat": true,
                "nat_dns_record": [],
                "nat_ip_address": "51.250.90.146",
                "nat_ip_version": "IPV4",
                "security_group_ids": [],
                "subnet_id": "e9b4meucikdbjqjkb8k9"
              }
            ],
            "placement_policy": [
              {
                "host_affinity_rules": [],
                "placement_group_id": ""
              }
            ],
            "platform_id": "standard-v1",
            "resources": [
              {
                "core_fraction": 100,
                "cores": 4,
                "gpus": 0,
                "memory": 8
              }
            ],
            "scheduling_policy": [
              {
                "preemptible": false
              }
            ],
            "secondary_disk": [],
            "service_account_id": "",
            "status": "running",
            "timeouts": null,
            "zone": "ru-central1-a"
          },
          "sensitive_attributes": [],
          "private": "eyJlMmJmYjczMC1lY2FhLTExZTYtOGY4OC0zNDM2M2JjN2M0YzAiOnsiY3JlYXRlIjozMDAwMDAwMDAwMDAsImRlbGV0ZSI6MzAwMDAwMDAwMDAwLCJ1cGRhdGUiOjMwMDAwMDAwMDAwMH0sInNjaGVtYV92ZXJzaW9uIjoiMSJ9",
          "dependencies": [
            "yandex_vpc_network.default",
            "yandex_vpc_subnet.default"
          ]
        }
      ]
    },
    {
      "mode": "managed",
      "type": "yandex_compute_instance",
      "name": "node04",
      "provider": "provider[\"registry.terraform.io/yandex-cloud/yandex\"]",
      "instances": [
        {
          "schema_version": 1,
          "attributes": {
            "allow_recreate": null,
            "allow_stopping_for_update": true,
            "boot_disk": [
              {
                "auto_delete": true,
                "device_name": "fhm06gqfe2hk4a8nk93v",
                "disk_id": "fhm06gqfe2hk4a8nk93v",
                "initialize_params": [
                  {
                    "block_size": 4096,
                    "description": "",
                    "image_id": "fd8ckm3ameoacn8aebjq",
                    "name": "root-node04",
                    "size": 40,
                    "snapshot_id": "",
                    "type": "network-ssd"
                  }
                ],
                "mode": "READ_WRITE"
              }
            ],
            "created_at": "2022-06-19T16:16:13Z",
            "description": "",
            "folder_id": "b1gf6m5m4hmidrjmemhe",
            "fqdn": "node04.netology.yc",
            "hostname": "node04",
            "id": "fhm72a2rkr3vtnilrghu",
            "labels": null,
            "metadata": {
              "ssh-keys": "centos:ssh-rsa AAAAB3NzaC1yc2EAAAADAQABAAABgQDCtLeWCFcAXi9PDljf4aKcXLUb6RmCyTuCZ9zGu2WfeSkJzpu1NpVslkh1LRFHmO3SxEWynhwk753jCxd0ghgStNejIfvKuSgk/kUpG6nJQauUT6S54HIM791mdYlfjMaXrDuOPlzvkLAZ4N+5eCuFoqbZbehdp1ALLrhvGeGkZzYsQ6LM0jINyvSYyFgzPNdyk8cR2+SvHgNkJioSQ9tV9Rj02Owl5HfQx7Eobl8LBVU8MZde26lZGdQUPvl3fsRfxwzZeAHn+yCrbfXJQ81ZsKxO82ZFS7tPRF4mZE8WnZxxqql4mQ7m9xwuwIAs4TmgUY67LYY54WLG1kVtHqFP54Ho2Hx/SIfm1FERhyYj/DMloyB4brgULMSKEXfJHzPwunk09gziQxRwdhhbUGinnZo58wIMzTPMu/0wSeEoQiobFCtsJhqlOvL+IBcUH1V7mfpHWJKo6mIVcsJCZ3/zXzjIuCSuqAHaD+IjBHplmUC4KijGblblPjBZIu11+T0= nazar@fedora\n"
            },
            "name": "node04",
            "network_acceleration_type": "standard",
            "network_interface": [
              {
                "dns_record": [],
                "index": 0,
                "ip_address": "192.168.101.14",
                "ipv4": true,
                "ipv6": false,
                "ipv6_address": "",
                "ipv6_dns_record": [],
                "mac_address": "d0:0d:71:28:5b:a6",
                "nat": true,
                "nat_dns_record": [],
                "nat_ip_address": "51.250.66.177",
                "nat_ip_version": "IPV4",
                "security_group_ids": [],
                "subnet_id": "e9b4meucikdbjqjkb8k9"
              }
            ],
            "placement_policy": [
              {
                "host_affinity_rules": [],
                "placement_group_id": ""
              }
            ],
            "platform_id": "standard-v1",
            "resources": [
              {
                "core_fraction": 100,
                "cores": 4,
                "gpus": 0,
                "memory": 8
              }
            ],
            "scheduling_policy": [
              {
                "preemptible": false
              }
            ],
            "secondary_disk": [],
            "service_account_id": "",
            "status": "running",
            "timeouts": null,
            "zone": "ru-central1-a"
          },
          "sensitive_attributes": [],
          "private": "eyJlMmJmYjczMC1lY2FhLTExZTYtOGY4OC0zNDM2M2JjN2M0YzAiOnsiY3JlYXRlIjozMDAwMDAwMDAwMDAsImRlbGV0ZSI6MzAwMDAwMDAwMDAwLCJ1cGRhdGUiOjMwMDAwMDAwMDAwMH0sInNjaGVtYV92ZXJzaW9uIjoiMSJ9",
          "dependencies": [
            "yandex_vpc_network.default",
            "yandex_vpc_subnet.default"
          ]
        }
      ]
    },
    {
      "mode": "managed",
      "type": "yandex_compute_instance",
      "name": "node05",
      "provider": "provider[\"registry.terraform.io/yandex-cloud/yandex\"]",
      "instances": [
        {
          "schema_version": 1,
          "attributes": {
            "allow_recreate": null,
            "allow_stopping_for_update": true,
            "boot_disk": [
              {
                "auto_delete": true,
                "device_name": "fhmsu8ofaiq9f263nulh",
                "disk_id": "fhmsu8ofaiq9f263nulh",
                "initialize_params": [
                  {
                    "block_size": 4096,
                    "description": "",
                    "image_id": "fd8ckm3ameoacn8aebjq",
                    "name": "root-node05",
                    "size": 40,
                    "snapshot_id": "",
                    "type": "network-ssd"
                  }
                ],
                "mode": "READ_WRITE"
              }
            ],
            "created_at": "2022-06-19T16:16:13Z",
            "description": "",
            "folder_id": "b1gf6m5m4hmidrjmemhe",
            "fqdn": "node05.netology.yc",
            "hostname": "node05",
            "id": "fhmbrk317uf0l6kiv39g",
            "labels": null,
            "metadata": {
              "ssh-keys": "centos:ssh-rsa AAAAB3NzaC1yc2EAAAADAQABAAABgQDCtLeWCFcAXi9PDljf4aKcXLUb6RmCyTuCZ9zGu2WfeSkJzpu1NpVslkh1LRFHmO3SxEWynhwk753jCxd0ghgStNejIfvKuSgk/kUpG6nJQauUT6S54HIM791mdYlfjMaXrDuOPlzvkLAZ4N+5eCuFoqbZbehdp1ALLrhvGeGkZzYsQ6LM0jINyvSYyFgzPNdyk8cR2+SvHgNkJioSQ9tV9Rj02Owl5HfQx7Eobl8LBVU8MZde26lZGdQUPvl3fsRfxwzZeAHn+yCrbfXJQ81ZsKxO82ZFS7tPRF4mZE8WnZxxqql4mQ7m9xwuwIAs4TmgUY67LYY54WLG1kVtHqFP54Ho2Hx/SIfm1FERhyYj/DMloyB4brgULMSKEXfJHzPwunk09gziQxRwdhhbUGinnZo58wIMzTPMu/0wSeEoQiobFCtsJhqlOvL+IBcUH1V7mfpHWJKo6mIVcsJCZ3/zXzjIuCSuqAHaD+IjBHplmUC4KijGblblPjBZIu11+T0= nazar@fedora\n"
            },
            "name": "node05",
            "network_acceleration_type": "standard",
            "network_interface": [
              {
                "dns_record": [],
                "index": 0,
                "ip_address": "192.168.101.15",
                "ipv4": true,
                "ipv6": false,
                "ipv6_address": "",
                "ipv6_dns_record": [],
                "mac_address": "d0:0d:bd:d0:61:3f",
                "nat": true,
                "nat_dns_record": [],
                "nat_ip_address": "51.250.68.253",
                "nat_ip_version": "IPV4",
                "security_group_ids": [],
                "subnet_id": "e9b4meucikdbjqjkb8k9"
              }
            ],
            "placement_policy": [
              {
                "host_affinity_rules": [],
                "placement_group_id": ""
              }
            ],
            "platform_id": "standard-v1",
            "resources": [
              {
                "core_fraction": 100,
                "cores": 4,
                "gpus": 0,
                "memory": 8
              }
            ],
            "scheduling_policy": [
              {
                "preemptible": false
              }
            ],
            "secondary_disk": [],
            "service_account_id": "",
            "status": "running",
            "timeouts": null,
            "zone": "ru-central1-a"
          },
          "sensitive_attributes": [],
          "private": "eyJlMmJmYjczMC1lY2FhLTExZTYtOGY4OC0zNDM2M2JjN2M0YzAiOnsiY3JlYXRlIjozMDAwMDAwMDAwMDAsImRlbGV0ZSI6MzAwMDAwMDAwMDAwLCJ1cGRhdGUiOjMwMDAwMDAwMDAwMH0sInNjaGVtYV92ZXJzaW9uIjoiMSJ9",
          "dependencies": [
            "yandex_vpc_network.default",
            "yandex_vpc_subnet.default"
          ]
        }
      ]
    },
    {
      "mode": "managed",
      "type": "yandex_compute_instance",
      "name": "node06",
      "provider": "provider[\"registry.terraform.io/yandex-cloud/yandex\"]",
      "instances": [
        {
          "schema_version": 1,
          "attributes": {
            "allow_recreate": null,
            "allow_stopping_for_update": true,
            "boot_disk": [
              {
                "auto_delete": true,
                "device_name": "fhm17mvelo4af2ltj7b2",
                "disk_id": "fhm17mvelo4af2ltj7b2",
                "initialize_params": [
                  {
                    "block_size": 4096,
                    "description": "",
                    "image_id": "fd8ckm3ameoacn8aebjq",
                    "name": "root-node06",
                    "size": 40,
                    "snapshot_id": "",
                    "type": "network-ssd"
                  }
                ],
                "mode": "READ_WRITE"
              }
            ],
            "created_at": "2022-06-19T16:16:12Z",
            "description": "",
            "folder_id": "b1gf6m5m4hmidrjmemhe",
            "fqdn": "node06.netology.yc",
            "hostname": "node06",
            "id": "fhm9geooetolft8ke0gh",
            "labels": null,
            "metadata": {
              "ssh-keys": "centos:ssh-rsa AAAAB3NzaC1yc2EAAAADAQABAAABgQDCtLeWCFcAXi9PDljf4aKcXLUb6RmCyTuCZ9zGu2WfeSkJzpu1NpVslkh1LRFHmO3SxEWynhwk753jCxd0ghgStNejIfvKuSgk/kUpG6nJQauUT6S54HIM791mdYlfjMaXrDuOPlzvkLAZ4N+5eCuFoqbZbehdp1ALLrhvGeGkZzYsQ6LM0jINyvSYyFgzPNdyk8cR2+SvHgNkJioSQ9tV9Rj02Owl5HfQx7Eobl8LBVU8MZde26lZGdQUPvl3fsRfxwzZeAHn+yCrbfXJQ81ZsKxO82ZFS7tPRF4mZE8WnZxxqql4mQ7m9xwuwIAs4TmgUY67LYY54WLG1kVtHqFP54Ho2Hx/SIfm1FERhyYj/DMloyB4brgULMSKEXfJHzPwunk09gziQxRwdhhbUGinnZo58wIMzTPMu/0wSeEoQiobFCtsJhqlOvL+IBcUH1V7mfpHWJKo6mIVcsJCZ3/zXzjIuCSuqAHaD+IjBHplmUC4KijGblblPjBZIu11+T0= nazar@fedora\n"
            },
            "name": "node06",
            "network_acceleration_type": "standard",
            "network_interface": [
              {
                "dns_record": [],
                "index": 0,
                "ip_address": "192.168.101.16",
                "ipv4": true,
                "ipv6": false,
                "ipv6_address": "",
                "ipv6_dns_record": [],
                "mac_address": "d0:0d:98:3b:18:77",
                "nat": true,
                "nat_dns_record": [],
                "nat_ip_address": "51.250.87.15",
                "nat_ip_version": "IPV4",
                "security_group_ids": [],
                "subnet_id": "e9b4meucikdbjqjkb8k9"
              }
            ],
            "placement_policy": [
              {
                "host_affinity_rules": [],
                "placement_group_id": ""
              }
            ],
            "platform_id": "standard-v1",
            "resources": [
              {
                "core_fraction": 100,
                "cores": 4,
                "gpus": 0,
                "memory": 8
              }
            ],
            "scheduling_policy": [
              {
                "preemptible": false
              }
            ],
            "secondary_disk": [],
            "service_account_id": "",
            "status": "running",
            "timeouts": null,
            "zone": "ru-central1-a"
          },
          "sensitive_attributes": [],
          "private": "eyJlMmJmYjczMC1lY2FhLTExZTYtOGY4OC0zNDM2M2JjN2M0YzAiOnsiY3JlYXRlIjozMDAwMDAwMDAwMDAsImRlbGV0ZSI6MzAwMDAwMDAwMDAwLCJ1cGRhdGUiOjMwMDAwMDAwMDAwMH0sInNjaGVtYV92ZXJzaW9uIjoiMSJ9",
          "dependencies": [
            "yandex_vpc_network.default",
            "yandex_vpc_subnet.default"
          ]
        }
      ]
    },
    {
      "mode": "managed",
      "type": "yandex_vpc_network",
      "name": "default",
      "provider": "provider[\"registry.terraform.io/yandex-cloud/yandex\"]",
      "instances": [
        {
          "schema_version": 0,
          "attributes": {
            "created_at": "2022-06-19T16:16:09Z",
            "default_security_group_id": "",
            "description": "",
            "folder_id": "b1gf6m5m4hmidrjmemhe",
            "id": "enpgdguun2alcgtvvoak",
            "labels": {},
            "name": "net",
            "subnet_ids": [],
            "timeouts": null
          },
          "sensitive_attributes": [],
          "private": "eyJlMmJmYjczMC1lY2FhLTExZTYtOGY4OC0zNDM2M2JjN2M0YzAiOnsiY3JlYXRlIjo2MDAwMDAwMDAwMCwiZGVsZXRlIjo2MDAwMDAwMDAwMCwidXBkYXRlIjo2MDAwMDAwMDAwMH19"
        }
      ]
    },
    {
      "mode": "managed",
      "type": "yandex_vpc_subnet",
      "name": "default",
      "provider": "provider[\"registry.terraform.io/yandex-cloud/yandex\"]",
      "instances": [
        {
          "schema_version": 0,
          "attributes": {
            "created_at": "2022-06-19T16:16:10Z",
            "description": "",
            "dhcp_options": [],
            "folder_id": "b1gf6m5m4hmidrjmemhe",
            "id": "e9b4meucikdbjqjkb8k9",
            "labels": {},
            "name": "subnet",
            "network_id": "enpgdguun2alcgtvvoak",
            "route_table_id": "",
            "timeouts": null,
            "v4_cidr_blocks": [
              "192.168.101.0/24"
            ],
            "v6_cidr_blocks": [],
            "zone": "ru-central1-a"
          },
          "sensitive_attributes": [],
          "private": "eyJlMmJmYjczMC1lY2FhLTExZTYtOGY4OC0zNDM2M2JjN2M0YzAiOnsiY3JlYXRlIjoxODAwMDAwMDAwMDAsImRlbGV0ZSI6MTgwMDAwMDAwMDAwLCJ1cGRhdGUiOjE4MDAwMDAwMDAwMH19",
          "dependencies": [
            "yandex_vpc_network.default"
          ]
        }
      ]
    }
  ]
}
